
Microsoft Visual Studio Solution File, Format Version 12.00
# Visual Studio Version 17
VisualStudioVersion = 17.1.32319.34
MinimumVisualStudioVersion = 10.0.40219.1
Project("{9A19103F-16F7-4668-BE54-9A1E7A4F7556}") = "Turbo Switcher Console", "Turbo Switcher\Turbo Switcher Console.csproj", "{26C89842-DD48-4EA6-B895-5F259A908953}"
EndProject
Project("{2150E333-8FDC-42A3-9474-1A3956D46DE8}") = "Solution Items", "Solution Items", "{7914660D-91FB-4D9C-BFA4-FE34E1CE7C87}"
	ProjectSection(SolutionItems) = preProject
		.gitignore = .gitignore
		README.md = README.md
	EndProjectSection
EndProject
Global
	GlobalSection(SolutionConfigurationPlatforms) = preSolution
		Debug|Any CPU = Debug|Any CPU
		Release|Any CPU = Release|Any CPU
	EndGlobalSection
	GlobalSection(ProjectConfigurationPlatforms) = postSolution
		{26C89842-DD48-4EA6-B895-5F259A908953}.Debug|Any CPU.ActiveCfg = Debug|Any CPU
		{26C89842-DD48-4EA6-B895-5F259A908953}.Debug|Any CPU.Build.0 = Debug|Any CPU
		{26C89842-DD48-4EA6-B895-5F259A908953}.Release|Any CPU.ActiveCfg = Release|Any CPU
		{26C89842-DD48-4EA6-B895-5F259A908953}.Release|Any CPU.Build.0 = Release|Any CPU
	EndGlobalSection
	GlobalSection(SolutionProperties) = preSolution
		HideSolutionNode = FALSE
	EndGlobalSection
	GlobalSection(ExtensibilityGlobals) = postSolution
		SolutionGuid = {A74F9286-B5D0-461D-984E-1030DA0B855F}
	EndGlobalSection
EndGlobal
